
Microsoft Visual Studio Solution File, Format Version 12.00
# Visual Studio Version 16
VisualStudioVersion = 16.0.30523.141
MinimumVisualStudioVersion = 10.0.40219.1
Project("{FAE04EC0-301F-11D3-BF4B-00C04F79EFBC}") = "ejsIntroduccionWindowsForms", "ejsIntroduccionWindowsForms\ejsIntroduccionWindowsForms.csproj", "{D9FE2840-05F3-4404-832F-03139804CB94}"
EndProject
Project("{FAE04EC0-301F-11D3-BF4B-00C04F79EFBC}") = "ej1", "ejUno\ej1.csproj", "{12A148B2-FD3B-4C64-B38F-E0B5DE45A7D9}"
EndProject
Project("{FAE04EC0-301F-11D3-BF4B-00C04F79EFBC}") = "ej2", "ej2\ej2.csproj", "{1497699F-1B9B-4F3A-A1FE-8BB70D873B45}"
EndProject
Project("{FAE04EC0-301F-11D3-BF4B-00C04F79EFBC}") = "ej3", "ej3\ej3.csproj", "{AE16A397-8BF0-45E9-B0CD-0E9899EE44C3}"
EndProject
Project("{FAE04EC0-301F-11D3-BF4B-00C04F79EFBC}") = "ej4(a", "ej4(a\ej4(a.csproj", "{603B8E6B-42F7-479C-82EC-14032282D8C1}"
EndProject
Project("{FAE04EC0-301F-11D3-BF4B-00C04F79EFBC}") = "ej4(b", "ej4(b\ej4(b.csproj", "{26C63363-FC14-419E-8533-C01E2D741EFE}"
EndProject
Global
	GlobalSection(SolutionConfigurationPlatforms) = preSolution
		Debug|Any CPU = Debug|Any CPU
		Release|Any CPU = Release|Any CPU
	EndGlobalSection
	GlobalSection(ProjectConfigurationPlatforms) = postSolution
		{D9FE2840-05F3-4404-832F-03139804CB94}.Debug|Any CPU.ActiveCfg = Debug|Any CPU
		{D9FE2840-05F3-4404-832F-03139804CB94}.Debug|Any CPU.Build.0 = Debug|Any CPU
		{D9FE2840-05F3-4404-832F-03139804CB94}.Release|Any CPU.ActiveCfg = Release|Any CPU
		{D9FE2840-05F3-4404-832F-03139804CB94}.Release|Any CPU.Build.0 = Release|Any CPU
		{12A148B2-FD3B-4C64-B38F-E0B5DE45A7D9}.Debug|Any CPU.ActiveCfg = Debug|Any CPU
		{12A148B2-FD3B-4C64-B38F-E0B5DE45A7D9}.Debug|Any CPU.Build.0 = Debug|Any CPU
		{12A148B2-FD3B-4C64-B38F-E0B5DE45A7D9}.Release|Any CPU.ActiveCfg = Release|Any CPU
		{12A148B2-FD3B-4C64-B38F-E0B5DE45A7D9}.Release|Any CPU.Build.0 = Release|Any CPU
		{1497699F-1B9B-4F3A-A1FE-8BB70D873B45}.Debug|Any CPU.ActiveCfg = Debug|Any CPU
		{1497699F-1B9B-4F3A-A1FE-8BB70D873B45}.Debug|Any CPU.Build.0 = Debug|Any CPU
		{1497699F-1B9B-4F3A-A1FE-8BB70D873B45}.Release|Any CPU.ActiveCfg = Release|Any CPU
		{1497699F-1B9B-4F3A-A1FE-8BB70D873B45}.Release|Any CPU.Build.0 = Release|Any CPU
		{AE16A397-8BF0-45E9-B0CD-0E9899EE44C3}.Debug|Any CPU.ActiveCfg = Debug|Any CPU
		{AE16A397-8BF0-45E9-B0CD-0E9899EE44C3}.Debug|Any CPU.Build.0 = Debug|Any CPU
		{AE16A397-8BF0-45E9-B0CD-0E9899EE44C3}.Release|Any CPU.ActiveCfg = Release|Any CPU
		{AE16A397-8BF0-45E9-B0CD-0E9899EE44C3}.Release|Any CPU.Build.0 = Release|Any CPU
		{603B8E6B-42F7-479C-82EC-14032282D8C1}.Debug|Any CPU.ActiveCfg = Debug|Any CPU
		{603B8E6B-42F7-479C-82EC-14032282D8C1}.Debug|Any CPU.Build.0 = Debug|Any CPU
		{603B8E6B-42F7-479C-82EC-14032282D8C1}.Release|Any CPU.ActiveCfg = Release|Any CPU
		{603B8E6B-42F7-479C-82EC-14032282D8C1}.Release|Any CPU.Build.0 = Release|Any CPU
		{26C63363-FC14-419E-8533-C01E2D741EFE}.Debug|Any CPU.ActiveCfg = Debug|Any CPU
		{26C63363-FC14-419E-8533-C01E2D741EFE}.Debug|Any CPU.Build.0 = Debug|Any CPU
		{26C63363-FC14-419E-8533-C01E2D741EFE}.Release|Any CPU.ActiveCfg = Release|Any CPU
		{26C63363-FC14-419E-8533-C01E2D741EFE}.Release|Any CPU.Build.0 = Release|Any CPU
	EndGlobalSection
	GlobalSection(SolutionProperties) = preSolution
		HideSolutionNode = FALSE
	EndGlobalSection
	GlobalSection(ExtensibilityGlobals) = postSolution
		SolutionGuid = {19DC1F5E-9788-4D40-92B3-8793892CE342}
	EndGlobalSection
EndGlobal
